
Microsoft Visual Studio Solution File, Format Version 12.00
# Visual Studio 15
VisualStudioVersion = 15.0.27703.2047
MinimumVisualStudioVersion = 14.0.23107.0
Project("{2150E333-8FDC-42A3-9474-1A3956D46DE8}") = "Asteroids_Deluxe", "Asteroids_Deluxe", "{B2E463C4-4053-4F59-9CF0-9B63EA5EE205}"
	ProjectSection(XenkoPackage) = preProject
		Asteroids_Deluxe/Asteroids_Deluxe.xkpkg = Asteroids_Deluxe/Asteroids_Deluxe.xkpkg
	EndProjectSection
EndProject
Project("{9A19103F-16F7-4668-BE54-9A1E7A4F7556}") = "Asteroids_Deluxe.Windows", "Asteroids_Deluxe\Asteroids_Deluxe.Windows\Asteroids_Deluxe.Windows.csproj", "{30D86C11-2774-4A82-8A24-74F016528A2F}"
EndProject
Project("{9A19103F-16F7-4668-BE54-9A1E7A4F7556}") = "Asteroids_Deluxe.Game", "Asteroids_Deluxe\Asteroids_Deluxe.Game\Asteroids_Deluxe.Game.csproj", "{9BFF9BFB-00B2-4681-B51A-1D878CEC0F5A}"
EndProject
Project("{FAE04EC0-301F-11D3-BF4B-00C04F79EFBC}") = "Asteroids_Deluxe.Linux", "Asteroids_Deluxe\Asteroids_Deluxe.Linux\Asteroids_Deluxe.Linux.csproj", "{FFC07D60-EB6E-428A-883D-40BDCD8D5410}"
EndProject
Project("{FAE04EC0-301F-11D3-BF4B-00C04F79EFBC}") = "Asteroids_Deluxe.Android", "Asteroids_Deluxe\Asteroids_Deluxe.Android\Asteroids_Deluxe.Android.csproj", "{12BF5959-D3F2-4745-90E0-B14F457955D2}"
EndProject
Global
	GlobalSection(SolutionConfigurationPlatforms) = preSolution
		AppStore|Android = AppStore|Android
		AppStore|Any CPU = AppStore|Any CPU
		AppStore|Mixed Platforms = AppStore|Mixed Platforms
		AppStore|Windows = AppStore|Windows
		Debug|Android = Debug|Android
		Debug|Any CPU = Debug|Any CPU
		Debug|Mixed Platforms = Debug|Mixed Platforms
		Debug|Windows = Debug|Windows
		Release|Android = Release|Android
		Release|Any CPU = Release|Any CPU
		Release|Mixed Platforms = Release|Mixed Platforms
		Release|Windows = Release|Windows
		Testing|Android = Testing|Android
		Testing|Any CPU = Testing|Any CPU
		Testing|Mixed Platforms = Testing|Mixed Platforms
		Testing|Windows = Testing|Windows
	EndGlobalSection
	GlobalSection(ProjectConfigurationPlatforms) = postSolution
		{30D86C11-2774-4A82-8A24-74F016528A2F}.AppStore|Android.ActiveCfg = AppStore|Any CPU
		{30D86C11-2774-4A82-8A24-74F016528A2F}.AppStore|Any CPU.ActiveCfg = AppStore|Any CPU
		{30D86C11-2774-4A82-8A24-74F016528A2F}.AppStore|Any CPU.Build.0 = AppStore|Any CPU
		{30D86C11-2774-4A82-8A24-74F016528A2F}.AppStore|Any CPU.Deploy.0 = AppStore|Any CPU
		{30D86C11-2774-4A82-8A24-74F016528A2F}.AppStore|Mixed Platforms.ActiveCfg = AppStore|Any CPU
		{30D86C11-2774-4A82-8A24-74F016528A2F}.AppStore|Mixed Platforms.Build.0 = AppStore|Any CPU
		{30D86C11-2774-4A82-8A24-74F016528A2F}.AppStore|Mixed Platforms.Deploy.0 = AppStore|Any CPU
		{30D86C11-2774-4A82-8A24-74F016528A2F}.AppStore|Windows.ActiveCfg = AppStore|Any CPU
		{30D86C11-2774-4A82-8A24-74F016528A2F}.AppStore|Windows.Build.0 = AppStore|Any CPU
		{30D86C11-2774-4A82-8A24-74F016528A2F}.AppStore|Windows.Deploy.0 = AppStore|Any CPU
		{30D86C11-2774-4A82-8A24-74F016528A2F}.Debug|Android.ActiveCfg = Debug|Any CPU
		{30D86C11-2774-4A82-8A24-74F016528A2F}.Debug|Any CPU.ActiveCfg = Debug|Any CPU
		{30D86C11-2774-4A82-8A24-74F016528A2F}.Debug|Any CPU.Build.0 = Debug|Any CPU
		{30D86C11-2774-4A82-8A24-74F016528A2F}.Debug|Any CPU.Deploy.0 = Debug|Any CPU
		{30D86C11-2774-4A82-8A24-74F016528A2F}.Debug|Mixed Platforms.ActiveCfg = Debug|Any CPU
		{30D86C11-2774-4A82-8A24-74F016528A2F}.Debug|Mixed Platforms.Build.0 = Debug|Any CPU
		{30D86C11-2774-4A82-8A24-74F016528A2F}.Debug|Mixed Platforms.Deploy.0 = Debug|Any CPU
		{30D86C11-2774-4A82-8A24-74F016528A2F}.Debug|Windows.ActiveCfg = Debug|Any CPU
		{30D86C11-2774-4A82-8A24-74F016528A2F}.Debug|Windows.Build.0 = Debug|Any CPU
		{30D86C11-2774-4A82-8A24-74F016528A2F}.Debug|Windows.Deploy.0 = Debug|Any CPU
		{30D86C11-2774-4A82-8A24-74F016528A2F}.Release|Android.ActiveCfg = Release|Any CPU
		{30D86C11-2774-4A82-8A24-74F016528A2F}.Release|Any CPU.ActiveCfg = Release|Any CPU
		{30D86C11-2774-4A82-8A24-74F016528A2F}.Release|Any CPU.Build.0 = Release|Any CPU
		{30D86C11-2774-4A82-8A24-74F016528A2F}.Release|Any CPU.Deploy.0 = Release|Any CPU
		{30D86C11-2774-4A82-8A24-74F016528A2F}.Release|Mixed Platforms.ActiveCfg = Release|Any CPU
		{30D86C11-2774-4A82-8A24-74F016528A2F}.Release|Mixed Platforms.Build.0 = Release|Any CPU
		{30D86C11-2774-4A82-8A24-74F016528A2F}.Release|Mixed Platforms.Deploy.0 = Release|Any CPU
		{30D86C11-2774-4A82-8A24-74F016528A2F}.Release|Windows.ActiveCfg = Release|Any CPU
		{30D86C11-2774-4A82-8A24-74F016528A2F}.Release|Windows.Build.0 = Release|Any CPU
		{30D86C11-2774-4A82-8A24-74F016528A2F}.Release|Windows.Deploy.0 = Release|Any CPU
		{30D86C11-2774-4A82-8A24-74F016528A2F}.Testing|Android.ActiveCfg = Testing|Any CPU
		{30D86C11-2774-4A82-8A24-74F016528A2F}.Testing|Any CPU.ActiveCfg = Testing|Any CPU
		{30D86C11-2774-4A82-8A24-74F016528A2F}.Testing|Any CPU.Build.0 = Testing|Any CPU
		{30D86C11-2774-4A82-8A24-74F016528A2F}.Testing|Any CPU.Deploy.0 = Testing|Any CPU
		{30D86C11-2774-4A82-8A24-74F016528A2F}.Testing|Mixed Platforms.ActiveCfg = Testing|Any CPU
		{30D86C11-2774-4A82-8A24-74F016528A2F}.Testing|Mixed Platforms.Build.0 = Testing|Any CPU
		{30D86C11-2774-4A82-8A24-74F016528A2F}.Testing|Mixed Platforms.Deploy.0 = Testing|Any CPU
		{30D86C11-2774-4A82-8A24-74F016528A2F}.Testing|Windows.ActiveCfg = Testing|Any CPU
		{30D86C11-2774-4A82-8A24-74F016528A2F}.Testing|Windows.Build.0 = Testing|Any CPU
		{30D86C11-2774-4A82-8A24-74F016528A2F}.Testing|Windows.Deploy.0 = Testing|Any CPU
		{9BFF9BFB-00B2-4681-B51A-1D878CEC0F5A}.AppStore|Android.ActiveCfg = AppStore|Android
		{9BFF9BFB-00B2-4681-B51A-1D878CEC0F5A}.AppStore|Android.Build.0 = AppStore|Android
		{9BFF9BFB-00B2-4681-B51A-1D878CEC0F5A}.AppStore|Any CPU.ActiveCfg = AppStore|Any CPU
		{9BFF9BFB-00B2-4681-B51A-1D878CEC0F5A}.AppStore|Any CPU.Build.0 = AppStore|Any CPU
		{9BFF9BFB-00B2-4681-B51A-1D878CEC0F5A}.AppStore|Mixed Platforms.ActiveCfg = AppStore|Any CPU
		{9BFF9BFB-00B2-4681-B51A-1D878CEC0F5A}.AppStore|Mixed Platforms.Build.0 = AppStore|Any CPU
		{9BFF9BFB-00B2-4681-B51A-1D878CEC0F5A}.AppStore|Windows.ActiveCfg = AppStore|Any CPU
		{9BFF9BFB-00B2-4681-B51A-1D878CEC0F5A}.AppStore|Windows.Build.0 = AppStore|Any CPU
		{9BFF9BFB-00B2-4681-B51A-1D878CEC0F5A}.Debug|Android.ActiveCfg = Debug|Android
		{9BFF9BFB-00B2-4681-B51A-1D878CEC0F5A}.Debug|Android.Build.0 = Debug|Android
		{9BFF9BFB-00B2-4681-B51A-1D878CEC0F5A}.Debug|Any CPU.ActiveCfg = Debug|Any CPU
		{9BFF9BFB-00B2-4681-B51A-1D878CEC0F5A}.Debug|Any CPU.Build.0 = Debug|Any CPU
		{9BFF9BFB-00B2-4681-B51A-1D878CEC0F5A}.Debug|Mixed Platforms.ActiveCfg = Debug|Any CPU
		{9BFF9BFB-00B2-4681-B51A-1D878CEC0F5A}.Debug|Mixed Platforms.Build.0 = Debug|Any CPU
		{9BFF9BFB-00B2-4681-B51A-1D878CEC0F5A}.Debug|Windows.ActiveCfg = Debug|Any CPU
		{9BFF9BFB-00B2-4681-B51A-1D878CEC0F5A}.Debug|Windows.Build.0 = Debug|Any CPU
		{9BFF9BFB-00B2-4681-B51A-1D878CEC0F5A}.Release|Android.ActiveCfg = Release|Android
		{9BFF9BFB-00B2-4681-B51A-1D878CEC0F5A}.Release|Android.Build.0 = Release|Android
		{9BFF9BFB-00B2-4681-B51A-1D878CEC0F5A}.Release|Any CPU.ActiveCfg = Release|Any CPU
		{9BFF9BFB-00B2-4681-B51A-1D878CEC0F5A}.Release|Any CPU.Build.0 = Release|Any CPU
		{9BFF9BFB-00B2-4681-B51A-1D878CEC0F5A}.Release|Mixed Platforms.ActiveCfg = Release|Any CPU
		{9BFF9BFB-00B2-4681-B51A-1D878CEC0F5A}.Release|Mixed Platforms.Build.0 = Release|Any CPU
		{9BFF9BFB-00B2-4681-B51A-1D878CEC0F5A}.Release|Windows.ActiveCfg = Release|Any CPU
		{9BFF9BFB-00B2-4681-B51A-1D878CEC0F5A}.Release|Windows.Build.0 = Release|Any CPU
		{9BFF9BFB-00B2-4681-B51A-1D878CEC0F5A}.Testing|Android.ActiveCfg = Testing|Android
		{9BFF9BFB-00B2-4681-B51A-1D878CEC0F5A}.Testing|Android.Build.0 = Testing|Android
		{9BFF9BFB-00B2-4681-B51A-1D878CEC0F5A}.Testing|Any CPU.ActiveCfg = Testing|Any CPU
		{9BFF9BFB-00B2-4681-B51A-1D878CEC0F5A}.Testing|Any CPU.Build.0 = Testing|Any CPU
		{9BFF9BFB-00B2-4681-B51A-1D878CEC0F5A}.Testing|Mixed Platforms.ActiveCfg = Testing|Any CPU
		{9BFF9BFB-00B2-4681-B51A-1D878CEC0F5A}.Testing|Mixed Platforms.Build.0 = Testing|Any CPU
		{9BFF9BFB-00B2-4681-B51A-1D878CEC0F5A}.Testing|Windows.ActiveCfg = Testing|Any CPU
		{9BFF9BFB-00B2-4681-B51A-1D878CEC0F5A}.Testing|Windows.Build.0 = Testing|Any CPU
		{FFC07D60-EB6E-428A-883D-40BDCD8D5410}.AppStore|Android.ActiveCfg = Debug|Linux
		{FFC07D60-EB6E-428A-883D-40BDCD8D5410}.AppStore|Any CPU.ActiveCfg = Debug|Linux
		{FFC07D60-EB6E-428A-883D-40BDCD8D5410}.AppStore|Mixed Platforms.ActiveCfg = Debug|Linux
		{FFC07D60-EB6E-428A-883D-40BDCD8D5410}.AppStore|Windows.ActiveCfg = Debug|Linux
		{FFC07D60-EB6E-428A-883D-40BDCD8D5410}.Debug|Android.ActiveCfg = Debug|Linux
		{FFC07D60-EB6E-428A-883D-40BDCD8D5410}.Debug|Any CPU.ActiveCfg = Debug|Linux
		{FFC07D60-EB6E-428A-883D-40BDCD8D5410}.Debug|Mixed Platforms.ActiveCfg = Debug|Linux
		{FFC07D60-EB6E-428A-883D-40BDCD8D5410}.Debug|Windows.ActiveCfg = Debug|Linux
		{FFC07D60-EB6E-428A-883D-40BDCD8D5410}.Release|Android.ActiveCfg = Release|Linux
		{FFC07D60-EB6E-428A-883D-40BDCD8D5410}.Release|Any CPU.ActiveCfg = Release|Linux
		{FFC07D60-EB6E-428A-883D-40BDCD8D5410}.Release|Mixed Platforms.ActiveCfg = Release|Linux
		{FFC07D60-EB6E-428A-883D-40BDCD8D5410}.Release|Windows.ActiveCfg = Release|Linux
		{FFC07D60-EB6E-428A-883D-40BDCD8D5410}.Testing|Android.ActiveCfg = Debug|Linux
		{FFC07D60-EB6E-428A-883D-40BDCD8D5410}.Testing|Any CPU.ActiveCfg = Debug|Linux
		{FFC07D60-EB6E-428A-883D-40BDCD8D5410}.Testing|Mixed Platforms.ActiveCfg = Debug|Linux
		{FFC07D60-EB6E-428A-883D-40BDCD8D5410}.Testing|Windows.ActiveCfg = Debug|Linux
		{12BF5959-D3F2-4745-90E0-B14F457955D2}.AppStore|Android.ActiveCfg = AppStore|Android
		{12BF5959-D3F2-4745-90E0-B14F457955D2}.AppStore|Android.Build.0 = AppStore|Android
		{12BF5959-D3F2-4745-90E0-B14F457955D2}.AppStore|Android.Deploy.0 = AppStore|Android
		{12BF5959-D3F2-4745-90E0-B14F457955D2}.AppStore|Any CPU.ActiveCfg = AppStore|Android
		{12BF5959-D3F2-4745-90E0-B14F457955D2}.AppStore|Mixed Platforms.ActiveCfg = AppStore|Android
		{12BF5959-D3F2-4745-90E0-B14F457955D2}.AppStore|Windows.ActiveCfg = AppStore|Android
		{12BF5959-D3F2-4745-90E0-B14F457955D2}.Debug|Android.ActiveCfg = Debug|Android
		{12BF5959-D3F2-4745-90E0-B14F457955D2}.Debug|Android.Build.0 = Debug|Android
		{12BF5959-D3F2-4745-90E0-B14F457955D2}.Debug|Android.Deploy.0 = Debug|Android
		{12BF5959-D3F2-4745-90E0-B14F457955D2}.Debug|Any CPU.ActiveCfg = Debug|Android
		{12BF5959-D3F2-4745-90E0-B14F457955D2}.Debug|Mixed Platforms.ActiveCfg = Debug|Android
		{12BF5959-D3F2-4745-90E0-B14F457955D2}.Debug|Windows.ActiveCfg = Debug|Android
		{12BF5959-D3F2-4745-90E0-B14F457955D2}.Release|Android.ActiveCfg = Release|Android
		{12BF5959-D3F2-4745-90E0-B14F457955D2}.Release|Android.Build.0 = Release|Android
		{12BF5959-D3F2-4745-90E0-B14F457955D2}.Release|Android.Deploy.0 = Release|Android
		{12BF5959-D3F2-4745-90E0-B14F457955D2}.Release|Any CPU.ActiveCfg = Release|Android
		{12BF5959-D3F2-4745-90E0-B14F457955D2}.Release|Mixed Platforms.ActiveCfg = Release|Android
		{12BF5959-D3F2-4745-90E0-B14F457955D2}.Release|Windows.ActiveCfg = Release|Android
		{12BF5959-D3F2-4745-90E0-B14F457955D2}.Testing|Android.ActiveCfg = Testing|Android
		{12BF5959-D3F2-4745-90E0-B14F457955D2}.Testing|Android.Build.0 = Testing|Android
		{12BF5959-D3F2-4745-90E0-B14F457955D2}.Testing|Android.Deploy.0 = Testing|Android
		{12BF5959-D3F2-4745-90E0-B14F457955D2}.Testing|Any CPU.ActiveCfg = Testing|Android
		{12BF5959-D3F2-4745-90E0-B14F457955D2}.Testing|Mixed Platforms.ActiveCfg = Testing|Android
		{12BF5959-D3F2-4745-90E0-B14F457955D2}.Testing|Windows.ActiveCfg = Testing|Android
	EndGlobalSection
	GlobalSection(SolutionProperties) = preSolution
		HideSolutionNode = FALSE
	EndGlobalSection
	GlobalSection(NestedProjects) = preSolution
		{30D86C11-2774-4A82-8A24-74F016528A2F} = {B2E463C4-4053-4F59-9CF0-9B63EA5EE205}
		{9BFF9BFB-00B2-4681-B51A-1D878CEC0F5A} = {B2E463C4-4053-4F59-9CF0-9B63EA5EE205}
		{FFC07D60-EB6E-428A-883D-40BDCD8D5410} = {B2E463C4-4053-4F59-9CF0-9B63EA5EE205}
		{12BF5959-D3F2-4745-90E0-B14F457955D2} = {B2E463C4-4053-4F59-9CF0-9B63EA5EE205}
	EndGlobalSection
	GlobalSection(ExtensibilityGlobals) = postSolution
		SolutionGuid = {0CF8293F-DAF1-4B7F-909A-FCF261908789}
	EndGlobalSection
EndGlobal
